// !$*UTF8*$!
{
	archiveVersion = 1;
	classes = {
	};
	objectVersion = 56;
	objects = {

/* Begin PBXBuildFile section */
		5C9DD06829C6E98E00DCE3A3 /* newApp.swift in Sources */ = {isa = PBXBuildFile; fileRef = 5C9DD06729C6E98E00DCE3A3 /* newApp.swift */; };
		5C9DD06A29C6E98E00DCE3A3 /* ContentView.swift in Sources */ = {isa = PBXBuildFile; fileRef = 5C9DD06929C6E98E00DCE3A3 /* ContentView.swift */; };
		5C9DD06C29C6E98E00DCE3A3 /* Assets.xcassets in Resources */ = {isa = PBXBuildFile; fileRef = 5C9DD06B29C6E98E00DCE3A3 /* Assets.xcassets */; };
		5C9DD06F29C6E98E00DCE3A3 /* Preview Assets.xcassets in Resources */ = {isa = PBXBuildFile; fileRef = 5C9DD06E29C6E98E00DCE3A3 /* Preview Assets.xcassets */; };
		5C9DD07929C6E98F00DCE3A3 /* newTests.swift in Sources */ = {isa = PBXBuildFile; fileRef = 5C9DD07829C6E98F00DCE3A3 /* newTests.swift */; };
		5C9DD08329C6E98F00DCE3A3 /* newUITests.swift in Sources */ = {isa = PBXBuildFile; fileRef = 5C9DD08229C6E98F00DCE3A3 /* newUITests.swift */; };
		5C9DD08529C6E98F00DCE3A3 /* newUITestsLaunchTests.swift in Sources */ = {isa = PBXBuildFile; fileRef = 5C9DD08429C6E98F00DCE3A3 /* newUITestsLaunchTests.swift */; };
/* End PBXBuildFile section */

/* Begin PBXContainerItemProxy section */
		5C9DD07529C6E98F00DCE3A3 /* PBXContainerItemProxy */ = {
			isa = PBXContainerItemProxy;
			containerPortal = 5C9DD05C29C6E98E00DCE3A3 /* Project object */;
			proxyType = 1;
			remoteGlobalIDString = 5C9DD06329C6E98E00DCE3A3;
			remoteInfo = new;
		};
		5C9DD07F29C6E98F00DCE3A3 /* PBXContainerItemProxy */ = {
			isa = PBXContainerItemProxy;
			containerPortal = 5C9DD05C29C6E98E00DCE3A3 /* Project object */;
			proxyType = 1;
			remoteGlobalIDString = 5C9DD06329C6E98E00DCE3A3;
			remoteInfo = new;
		};
/* End PBXContainerItemProxy section */

/* Begin PBXFileReference section */
		5C9DD06429C6E98E00DCE3A3 /* new.app */ = {isa = PBXFileReference; explicitFileType = wrapper.application; includeInIndex = 0; path = new.app; sourceTree = BUILT_PRODUCTS_DIR; };
		5C9DD06729C6E98E00DCE3A3 /* newApp.swift */ = {isa = PBXFileReference; lastKnownFileType = sourcecode.swift; path = newApp.swift; sourceTree = "<group>"; };
		5C9DD06929C6E98E00DCE3A3 /* ContentView.swift */ = {isa = PBXFileReference; lastKnownFileType = sourcecode.swift; path = ContentView.swift; sourceTree = "<group>"; };
		5C9DD06B29C6E98E00DCE3A3 /* Assets.xcassets */ = {isa = PBXFileReference; lastKnownFileType = folder.assetcatalog; path = Assets.xcassets; sourceTree = "<group>"; };
		5C9DD06E29C6E98E00DCE3A3 /* Preview Assets.xcassets */ = {isa = PBXFileReference; lastKnownFileType = folder.assetcatalog; path = "Preview Assets.xcassets"; sourceTree = "<group>"; };
		5C9DD07429C6E98F00DCE3A3 /* newTests.xctest */ = {isa = PBXFileReference; explicitFileType = wrapper.cfbundle; includeInIndex = 0; path = newTests.xctest; sourceTree = BUILT_PRODUCTS_DIR; };
		5C9DD07829C6E98F00DCE3A3 /* newTests.swift */ = {isa = PBXFileReference; lastKnownFileType = sourcecode.swift; path = newTests.swift; sourceTree = "<group>"; };
		5C9DD07E29C6E98F00DCE3A3 /* newUITests.xctest */ = {isa = PBXFileReference; explicitFileType = wrapper.cfbundle; includeInIndex = 0; path = newUITests.xctest; sourceTree = BUILT_PRODUCTS_DIR; };
		5C9DD08229C6E98F00DCE3A3 /* newUITests.swift */ = {isa = PBXFileReference; lastKnownFileType = sourcecode.swift; path = newUITests.swift; sourceTree = "<group>"; };
		5C9DD08429C6E98F00DCE3A3 /* newUITestsLaunchTests.swift */ = {isa = PBXFileReference; lastKnownFileType = sourcecode.swift; path = newUITestsLaunchTests.swift; sourceTree = "<group>"; };
/* End PBXFileReference section */

/* Begin PBXFrameworksBuildPhase section */
		5C9DD06129C6E98E00DCE3A3 /* Frameworks */ = {
			isa = PBXFrameworksBuildPhase;
			buildActionMask = 2147483647;
			files = (
			);
			runOnlyForDeploymentPostprocessing = 0;
		};
		5C9DD07129C6E98F00DCE3A3 /* Frameworks */ = {
			isa = PBXFrameworksBuildPhase;
			buildActionMask = 2147483647;
			files = (
			);
			runOnlyForDeploymentPostprocessing = 0;
		};
		5C9DD07B29C6E98F00DCE3A3 /* Frameworks */ = {
			isa = PBXFrameworksBuildPhase;
			buildActionMask = 2147483647;
			files = (
			);
			runOnlyForDeploymentPostprocessing = 0;
		};
/* End PBXFrameworksBuildPhase section */

/* Begin PBXGroup section */
		5C9DD05B29C6E98E00DCE3A3 = {
			isa = PBXGroup;
			children = (
				5C9DD06629C6E98E00DCE3A3 /* new */,
				5C9DD07729C6E98F00DCE3A3 /* newTests */,
				5C9DD08129C6E98F00DCE3A3 /* newUITests */,
				5C9DD06529C6E98E00DCE3A3 /* Products */,
			);
			sourceTree = "<group>";
		};
		5C9DD06529C6E98E00DCE3A3 /* Products */ = {
			isa = PBXGroup;
			children = (
				5C9DD06429C6E98E00DCE3A3 /* new.app */,
				5C9DD07429C6E98F00DCE3A3 /* newTests.xctest */,
				5C9DD07E29C6E98F00DCE3A3 /* newUITests.xctest */,
			);
			name = Products;
			sourceTree = "<group>";
		};
		5C9DD06629C6E98E00DCE3A3 /* new */ = {
			isa = PBXGroup;
			children = (
				5C9DD06729C6E98E00DCE3A3 /* newApp.swift */,
				5C9DD06929C6E98E00DCE3A3 /* ContentView.swift */,
				5C9DD06B29C6E98E00DCE3A3 /* Assets.xcassets */,
				5C9DD06D29C6E98E00DCE3A3 /* Preview Content */,
			);
			path = new;
			sourceTree = "<group>";
		};
		5C9DD06D29C6E98E00DCE3A3 /* Preview Content */ = {
			isa = PBXGroup;
			children = (
				5C9DD06E29C6E98E00DCE3A3 /* Preview Assets.xcassets */,
			);
			path = "Preview Content";
			sourceTree = "<group>";
		};
		5C9DD07729C6E98F00DCE3A3 /* newTests */ = {
			isa = PBXGroup;
			children = (
				5C9DD07829C6E98F00DCE3A3 /* newTests.swift */,
			);
			path = newTests;
			sourceTree = "<group>";
		};
		5C9DD08129C6E98F00DCE3A3 /* newUITests */ = {
			isa = PBXGroup;
			children = (
				5C9DD08229C6E98F00DCE3A3 /* newUITests.swift */,
				5C9DD08429C6E98F00DCE3A3 /* newUITestsLaunchTests.swift */,
			);
			path = newUITests;
			sourceTree = "<group>";
		};
/* End PBXGroup section */

/* Begin PBXNativeTarget section */
		5C9DD06329C6E98E00DCE3A3 /* new */ = {
			isa = PBXNativeTarget;
			buildConfigurationList = 5C9DD08829C6E98F00DCE3A3 /* Build configuration list for PBXNativeTarget "new" */;
			buildPhases = (
				5C9DD06029C6E98E00DCE3A3 /* Sources */,
				5C9DD06129C6E98E00DCE3A3 /* Frameworks */,
				5C9DD06229C6E98E00DCE3A3 /* Resources */,
			);
			buildRules = (
			);
			dependencies = (
			);
			name = new;
			productName = new;
			productReference = 5C9DD06429C6E98E00DCE3A3 /* new.app */;
			productType = "com.apple.product-type.application";
		};
		5C9DD07329C6E98F00DCE3A3 /* newTests */ = {
			isa = PBXNativeTarget;
			buildConfigurationList = 5C9DD08B29C6E98F00DCE3A3 /* Build configuration list for PBXNativeTarget "newTests" */;
			buildPhases = (
				5C9DD07029C6E98F00DCE3A3 /* Sources */,
				5C9DD07129C6E98F00DCE3A3 /* Frameworks */,
				5C9DD07229C6E98F00DCE3A3 /* Resources */,
			);
			buildRules = (
			);
			dependencies = (
				5C9DD07629C6E98F00DCE3A3 /* PBXTargetDependency */,
			);
			name = newTests;
			productName = newTests;
			productReference = 5C9DD07429C6E98F00DCE3A3 /* newTests.xctest */;
			productType = "com.apple.product-type.bundle.unit-test";
		};
		5C9DD07D29C6E98F00DCE3A3 /* newUITests */ = {
			isa = PBXNativeTarget;
			buildConfigurationList = 5C9DD08E29C6E98F00DCE3A3 /* Build configuration list for PBXNativeTarget "newUITests" */;
			buildPhases = (
				5C9DD07A29C6E98F00DCE3A3 /* Sources */,
				5C9DD07B29C6E98F00DCE3A3 /* Frameworks */,
				5C9DD07C29C6E98F00DCE3A3 /* Resources */,
			);
			buildRules = (
			);
			dependencies = (
				5C9DD08029C6E98F00DCE3A3 /* PBXTargetDependency */,
			);
			name = newUITests;
			productName = newUITests;
			productReference = 5C9DD07E29C6E98F00DCE3A3 /* newUITests.xctest */;
			productType = "com.apple.product-type.bundle.ui-testing";
		};
/* End PBXNativeTarget section */

/* Begin PBXProject section */
		5C9DD05C29C6E98E00DCE3A3 /* Project object */ = {
			isa = PBXProject;
			attributes = {
				BuildIndependentTargetsInParallel = 1;
				LastSwiftUpdateCheck = 1420;
				LastUpgradeCheck = 1420;
				TargetAttributes = {
					5C9DD06329C6E98E00DCE3A3 = {
						CreatedOnToolsVersion = 14.2;
					};
					5C9DD07329C6E98F00DCE3A3 = {
						CreatedOnToolsVersion = 14.2;
						TestTargetID = 5C9DD06329C6E98E00DCE3A3;
					};
					5C9DD07D29C6E98F00DCE3A3 = {
						CreatedOnToolsVersion = 14.2;
						TestTargetID = 5C9DD06329C6E98E00DCE3A3;
					};
				};
			};
			buildConfigurationList = 5C9DD05F29C6E98E00DCE3A3 /* Build configuration list for PBXProject "new" */;
			compatibilityVersion = "Xcode 14.0";
			developmentRegion = en;
			hasScannedForEncodings = 0;
			knownRegions = (
				en,
				Base,
			);
			mainGroup = 5C9DD05B29C6E98E00DCE3A3;
			productRefGroup = 5C9DD06529C6E98E00DCE3A3 /* Products */;
			projectDirPath = "";
			projectRoot = "";
			targets = (
				5C9DD06329C6E98E00DCE3A3 /* new */,
				5C9DD07329C6E98F00DCE3A3 /* newTests */,
				5C9DD07D29C6E98F00DCE3A3 /* newUITests */,
			);
		};
/* End PBXProject section */

/* Begin PBXResourcesBuildPhase section */
		5C9DD06229C6E98E00DCE3A3 /* Resources */ = {
			isa = PBXResourcesBuildPhase;
			buildActionMask = 2147483647;
			files = (
				5C9DD06F29C6E98E00DCE3A3 /* Preview Assets.xcassets in Resources */,
				5C9DD06C29C6E98E00DCE3A3 /* Assets.xcassets in Resources */,
			);
			runOnlyForDeploymentPostprocessing = 0;
		};
		5C9DD07229C6E98F00DCE3A3 /* Resources */ = {
			isa = PBXResourcesBuildPhase;
			buildActionMask = 2147483647;
			files = (
			);
			runOnlyForDeploymentPostprocessing = 0;
		};
		5C9DD07C29C6E98F00DCE3A3 /* Resources */ = {
			isa = PBXResourcesBuildPhase;
			buildActionMask = 2147483647;
			files = (
			);
			runOnlyForDeploymentPostprocessing = 0;
		};
/* End PBXResourcesBuildPhase section */

/* Begin PBXSourcesBuildPhase section */
		5C9DD06029C6E98E00DCE3A3 /* Sources */ = {
			isa = PBXSourcesBuildPhase;
			buildActionMask = 2147483647;
			files = (
				5C9DD06A29C6E98E00DCE3A3 /* ContentView.swift in Sources */,
				5C9DD06829C6E98E00DCE3A3 /* newApp.swift in Sources */,
			);
			runOnlyForDeploymentPostprocessing = 0;
		};
		5C9DD07029C6E98F00DCE3A3 /* Sources */ = {
			isa = PBXSourcesBuildPhase;
			buildActionMask = 2147483647;
			files = (
				5C9DD07929C6E98F00DCE3A3 /* newTests.swift in Sources */,
			);
			runOnlyForDeploymentPostprocessing = 0;
		};
		5C9DD07A29C6E98F00DCE3A3 /* Sources */ = {
			isa = PBXSourcesBuildPhase;
			buildActionMask = 2147483647;
			files = (
				5C9DD08329C6E98F00DCE3A3 /* newUITests.swift in Sources */,
				5C9DD08529C6E98F00DCE3A3 /* newUITestsLaunchTests.swift in Sources */,
			);
			runOnlyForDeploymentPostprocessing = 0;
		};
/* End PBXSourcesBuildPhase section */

/* Begin PBXTargetDependency section */
		5C9DD07629C6E98F00DCE3A3 /* PBXTargetDependency */ = {
			isa = PBXTargetDependency;
			target = 5C9DD06329C6E98E00DCE3A3 /* new */;
			targetProxy = 5C9DD07529C6E98F00DCE3A3 /* PBXContainerItemProxy */;
		};
		5C9DD08029C6E98F00DCE3A3 /* PBXTargetDependency */ = {
			isa = PBXTargetDependency;
			target = 5C9DD06329C6E98E00DCE3A3 /* new */;
			targetProxy = 5C9DD07F29C6E98F00DCE3A3 /* PBXContainerItemProxy */;
		};
/* End PBXTargetDependency section */

/* Begin XCBuildConfiguration section */
		5C9DD08629C6E98F00DCE3A3 /* Debug */ = {
			isa = XCBuildConfiguration;
			buildSettings = {
				ALWAYS_SEARCH_USER_PATHS = NO;
				CLANG_ANALYZER_NONNULL = YES;
				CLANG_ANALYZER_NUMBER_OBJECT_CONVERSION = YES_AGGRESSIVE;
				CLANG_CXX_LANGUAGE_STANDARD = "gnu++20";
				CLANG_ENABLE_MODULES = YES;
				CLANG_ENABLE_OBJC_ARC = YES;
				CLANG_ENABLE_OBJC_WEAK = YES;
				CLANG_WARN_BLOCK_CAPTURE_AUTORELEASING = YES;
				CLANG_WARN_BOOL_CONVERSION = YES;
				CLANG_WARN_COMMA = YES;
				CLANG_WARN_CONSTANT_CONVERSION = YES;
				CLANG_WARN_DEPRECATED_OBJC_IMPLEMENTATIONS = YES;
				CLANG_WARN_DIRECT_OBJC_ISA_USAGE = YES_ERROR;
				CLANG_WARN_DOCUMENTATION_COMMENTS = YES;
				CLANG_WARN_EMPTY_BODY = YES;
				CLANG_WARN_ENUM_CONVERSION = YES;
				CLANG_WARN_INFINITE_RECURSION = YES;
				CLANG_WARN_INT_CONVERSION = YES;
				CLANG_WARN_NON_LITERAL_NULL_CONVERSION = YES;
				CLANG_WARN_OBJC_IMPLICIT_RETAIN_SELF = YES;
				CLANG_WARN_OBJC_LITERAL_CONVERSION = YES;
				CLANG_WARN_OBJC_ROOT_CLASS = YES_ERROR;
				CLANG_WARN_QUOTED_INCLUDE_IN_FRAMEWORK_HEADER = YES;
				CLANG_WARN_RANGE_LOOP_ANALYSIS = YES;
				CLANG_WARN_STRICT_PROTOTYPES = YES;
				CLANG_WARN_SUSPICIOUS_MOVE = YES;
				CLANG_WARN_UNGUARDED_AVAILABILITY = YES_AGGRESSIVE;
				CLANG_WARN_UNREACHABLE_CODE = YES;
				CLANG_WARN__DUPLICATE_METHOD_MATCH = YES;
				COPY_PHASE_STRIP = NO;
				DEBUG_INFORMATION_FORMAT = dwarf;
				ENABLE_STRICT_OBJC_MSGSEND = YES;
				ENABLE_TESTABILITY = YES;
				GCC_C_LANGUAGE_STANDARD = gnu11;
				GCC_DYNAMIC_NO_PIC = NO;
				GCC_NO_COMMON_BLOCKS = YES;
				GCC_OPTIMIZATION_LEVEL = 0;
				GCC_PREPROCESSOR_DEFINITIONS = (
					"DEBUG=1",
					"$(inherited)",
				);
				GCC_WARN_64_TO_32_BIT_CONVERSION = YES;
				GCC_WARN_ABOUT_RETURN_TYPE = YES_ERROR;
				GCC_WARN_UNDECLARED_SELECTOR = YES;
				GCC_WARN_UNINITIALIZED_AUTOS = YES_AGGRESSIVE;
				GCC_WARN_UNUSED_FUNCTION = YES;
				GCC_WARN_UNUSED_VARIABLE = YES;
				IPHONEOS_DEPLOYMENT_TARGET = 16.2;
				MTL_ENABLE_DEBUG_INFO = INCLUDE_SOURCE;
				MTL_FAST_MATH = YES;
				ONLY_ACTIVE_ARCH = YES;
				SDKROOT = iphoneos;
				SWIFT_ACTIVE_COMPILATION_CONDITIONS = DEBUG;
				SWIFT_OPTIMIZATION_LEVEL = "-Onone";
			};
			name = Debug;
		};
		5C9DD08729C6E98F00DCE3A3 /* Release */ = {
			isa = XCBuildConfiguration;
			buildSettings = {
				ALWAYS_SEARCH_USER_PATHS = NO;
				CLANG_ANALYZER_NONNULL = YES;
				CLANG_ANALYZER_NUMBER_OBJECT_CONVERSION = YES_AGGRESSIVE;
				CLANG_CXX_LANGUAGE_STANDARD = "gnu++20";
				CLANG_ENABLE_MODULES = YES;
				CLANG_ENABLE_OBJC_ARC = YES;
				CLANG_ENABLE_OBJC_WEAK = YES;
				CLANG_WARN_BLOCK_CAPTURE_AUTORELEASING = YES;
				CLANG_WARN_BOOL_CONVERSION = YES;
				CLANG_WARN_COMMA = YES;
				CLANG_WARN_CONSTANT_CONVERSION = YES;
				CLANG_WARN_DEPRECATED_OBJC_IMPLEMENTATIONS = YES;
				CLANG_WARN_DIRECT_OBJC_ISA_USAGE = YES_ERROR;
				CLANG_WARN_DOCUMENTATION_COMMENTS = YES;
				CLANG_WARN_EMPTY_BODY = YES;
				CLANG_WARN_ENUM_CONVERSION = YES;
				CLANG_WARN_INFINITE_RECURSION = YES;
				CLANG_WARN_INT_CONVERSION = YES;
				CLANG_WARN_NON_LITERAL_NULL_CONVERSION = YES;
				CLANG_WARN_OBJC_IMPLICIT_RETAIN_SELF = YES;
				CLANG_WARN_OBJC_LITERAL_CONVERSION = YES;
				CLANG_WARN_OBJC_ROOT_CLASS = YES_ERROR;
				CLANG_WARN_QUOTED_INCLUDE_IN_FRAMEWORK_HEADER = YES;
				CLANG_WARN_RANGE_LOOP_ANALYSIS = YES;
				CLANG_WARN_STRICT_PROTOTYPES = YES;
				CLANG_WARN_SUSPICIOUS_MOVE = YES;
				CLANG_WARN_UNGUARDED_AVAILABILITY = YES_AGGRESSIVE;
				CLANG_WARN_UNREACHABLE_CODE = YES;
				CLANG_WARN__DUPLICATE_METHOD_MATCH = YES;
				COPY_PHASE_STRIP = NO;
				DEBUG_INFORMATION_FORMAT = "dwarf-with-dsym";
				ENABLE_NS_ASSERTIONS = NO;
				ENABLE_STRICT_OBJC_MSGSEND = YES;
				GCC_C_LANGUAGE_STANDARD = gnu11;
				GCC_NO_COMMON_BLOCKS = YES;
				GCC_WARN_64_TO_32_BIT_CONVERSION = YES;
				GCC_WARN_ABOUT_RETURN_TYPE = YES_ERROR;
				GCC_WARN_UNDECLARED_SELECTOR = YES;
				GCC_WARN_UNINITIALIZED_AUTOS = YES_AGGRESSIVE;
				GCC_WARN_UNUSED_FUNCTION = YES;
				GCC_WARN_UNUSED_VARIABLE = YES;
				IPHONEOS_DEPLOYMENT_TARGET = 16.2;
				MTL_ENABLE_DEBUG_INFO = NO;
				MTL_FAST_MATH = YES;
				SDKROOT = iphoneos;
				SWIFT_COMPILATION_MODE = wholemodule;
				SWIFT_OPTIMIZATION_LEVEL = "-O";
				VALIDATE_PRODUCT = YES;
			};
			name = Release;
		};
		5C9DD08929C6E98F00DCE3A3 /* Debug */ = {
			isa = XCBuildConfiguration;
			buildSettings = {
				ASSETCATALOG_COMPILER_APPICON_NAME = AppIcon;
				ASSETCATALOG_COMPILER_GLOBAL_ACCENT_COLOR_NAME = AccentColor;
				CODE_SIGN_STYLE = Automatic;
				CURRENT_PROJECT_VERSION = 1;
				DEVELOPMENT_ASSET_PATHS = "\"new/Preview Content\"";
				DEVELOPMENT_TEAM = M83RGC87W9;
				ENABLE_PREVIEWS = YES;
				GENERATE_INFOPLIST_FILE = YES;
				INFOPLIST_KEY_UIApplicationSceneManifest_Generation = YES;
				INFOPLIST_KEY_UIApplicationSupportsIndirectInputEvents = YES;
				INFOPLIST_KEY_UILaunchScreen_Generation = YES;
				INFOPLIST_KEY_UISupportedInterfaceOrientations_iPad = "UIInterfaceOrientationPortrait UIInterfaceOrientationPortraitUpsideDown UIInterfaceOrientationLandscapeLeft UIInterfaceOrientationLandscapeRight";
				INFOPLIST_KEY_UISupportedInterfaceOrientations_iPhone = "UIInterfaceOrientationPortrait UIInterfaceOrientationLandscapeLeft UIInterfaceOrientationLandscapeRight";
				LD_RUNPATH_SEARCH_PATHS = (
					"$(inherited)",
					"@executable_path/Frameworks",
				);
				MARKETING_VERSION = 1.0;
				PRODUCT_BUNDLE_IDENTIFIER = me.andyjusa.new;
				PRODUCT_NAME = "$(TARGET_NAME)";
				SWIFT_EMIT_LOC_STRINGS = YES;
				SWIFT_VERSION = 5.0;
				TARGETED_DEVICE_FAMILY = "1,2";
			};
			name = Debug;
		};
		5C9DD08A29C6E98F00DCE3A3 /* Release */ = {
			isa = XCBuildConfiguration;
			buildSettings = {
				ASSETCATALOG_COMPILER_APPICON_NAME = AppIcon;
				ASSETCATALOG_COMPILER_GLOBAL_ACCENT_COLOR_NAME = AccentColor;
				CODE_SIGN_STYLE = Automatic;
				CURRENT_PROJECT_VERSION = 1;
				DEVELOPMENT_ASSET_PATHS = "\"new/Preview Content\"";
				DEVELOPMENT_TEAM = M83RGC87W9;
				ENABLE_PREVIEWS = YES;
				GENERATE_INFOPLIST_FILE = YES;
				INFOPLIST_KEY_UIApplicationSceneManifest_Generation = YES;
				INFOPLIST_KEY_UIApplicationSupportsIndirectInputEvents = YES;
				INFOPLIST_KEY_UILaunchScreen_Generation = YES;
				INFOPLIST_KEY_UISupportedInterfaceOrientations_iPad = "UIInterfaceOrientationPortrait UIInterfaceOrientationPortraitUpsideDown UIInterfaceOrientationLandscapeLeft UIInterfaceOrientationLandscapeRight";
				INFOPLIST_KEY_UISupportedInterfaceOrientations_iPhone = "UIInterfaceOrientationPortrait UIInterfaceOrientationLandscapeLeft UIInterfaceOrientationLandscapeRight";
				LD_RUNPATH_SEARCH_PATHS = (
					"$(inherited)",
					"@executable_path/Frameworks",
				);
				MARKETING_VERSION = 1.0;
				PRODUCT_BUNDLE_IDENTIFIER = me.andyjusa.new;
				PRODUCT_NAME = "$(TARGET_NAME)";
				SWIFT_EMIT_LOC_STRINGS = YES;
				SWIFT_VERSION = 5.0;
				TARGETED_DEVICE_FAMILY = "1,2";
			};
			name = Release;
		};
		5C9DD08C29C6E98F00DCE3A3 /* Debug */ = {
			isa = XCBuildConfiguration;
			buildSettings = {
				ALWAYS_EMBED_SWIFT_STANDARD_LIBRARIES = YES;
				BUNDLE_LOADER = "$(TEST_HOST)";
				CODE_SIGN_STYLE = Automatic;
				CURRENT_PROJECT_VERSION = 1;
				DEVELOPMENT_TEAM = M83RGC87W9;
				GENERATE_INFOPLIST_FILE = YES;
				IPHONEOS_DEPLOYMENT_TARGET = 16.2;
				MARKETING_VERSION = 1.0;
				PRODUCT_BUNDLE_IDENTIFIER = me.andyjusa.newTests;
				PRODUCT_NAME = "$(TARGET_NAME)";
				SWIFT_EMIT_LOC_STRINGS = NO;
				SWIFT_VERSION = 5.0;
				TARGETED_DEVICE_FAMILY = "1,2";
				TEST_HOST = "$(BUILT_PRODUCTS_DIR)/new.app/$(BUNDLE_EXECUTABLE_FOLDER_PATH)/new";
			};
			name = Debug;
		};
		5C9DD08D29C6E98F00DCE3A3 /* Release */ = {
			isa = XCBuildConfiguration;
			buildSettings = {
				ALWAYS_EMBED_SWIFT_STANDARD_LIBRARIES = YES;
				BUNDLE_LOADER = "$(TEST_HOST)";
				CODE_SIGN_STYLE = Automatic;
				CURRENT_PROJECT_VERSION = 1;
				DEVELOPMENT_TEAM = M83RGC87W9;
				GENERATE_INFOPLIST_FILE = YES;
				IPHONEOS_DEPLOYMENT_TARGET = 16.2;
				MARKETING_VERSION = 1.0;
				PRODUCT_BUNDLE_IDENTIFIER = me.andyjusa.newTests;
				PRODUCT_NAME = "$(TARGET_NAME)";
				SWIFT_EMIT_LOC_STRINGS = NO;
				SWIFT_VERSION = 5.0;
				TARGETED_DEVICE_FAMILY = "1,2";
				TEST_HOST = "$(BUILT_PRODUCTS_DIR)/new.app/$(BUNDLE_EXECUTABLE_FOLDER_PATH)/new";
			};
			name = Release;
		};
		5C9DD08F29C6E98F00DCE3A3 /* Debug */ = {
			isa = XCBuildConfiguration;
			buildSettings = {
				ALWAYS_EMBED_SWIFT_STANDARD_LIBRARIES = YES;
				CODE_SIGN_STYLE = Automatic;
				CURRENT_PROJECT_VERSION = 1;
				DEVELOPMENT_TEAM = M83RGC87W9;
				GENERATE_INFOPLIST_FILE = YES;
				MARKETING_VERSION = 1.0;
				PRODUCT_BUNDLE_IDENTIFIER = me.andyjusa.newUITests;
				PRODUCT_NAME = "$(TARGET_NAME)";
				SWIFT_EMIT_LOC_STRINGS = NO;
				SWIFT_VERSION = 5.0;
				TARGETED_DEVICE_FAMILY = "1,2";
				TEST_TARGET_NAME = new;
			};
			name = Debug;
		};
		5C9DD09029C6E98F00DCE3A3 /* Release */ = {
			isa = XCBuildConfiguration;
			buildSettings = {
				ALWAYS_EMBED_SWIFT_STANDARD_LIBRARIES = YES;
				CODE_SIGN_STYLE = Automatic;
				CURRENT_PROJECT_VERSION = 1;
				DEVELOPMENT_TEAM = M83RGC87W9;
				GENERATE_INFOPLIST_FILE = YES;
				MARKETING_VERSION = 1.0;
				PRODUCT_BUNDLE_IDENTIFIER = me.andyjusa.newUITests;
				PRODUCT_NAME = "$(TARGET_NAME)";
				SWIFT_EMIT_LOC_STRINGS = NO;
				SWIFT_VERSION = 5.0;
				TARGETED_DEVICE_FAMILY = "1,2";
				TEST_TARGET_NAME = new;
			};
			name = Release;
		};
/* End XCBuildConfiguration section */

/* Begin XCConfigurationList section */
		5C9DD05F29C6E98E00DCE3A3 /* Build configuration list for PBXProject "new" */ = {
			isa = XCConfigurationList;
			buildConfigurations = (
				5C9DD08629C6E98F00DCE3A3 /* Debug */,
				5C9DD08729C6E98F00DCE3A3 /* Release */,
			);
			defaultConfigurationIsVisible = 0;
			defaultConfigurationName = Release;
		};
		5C9DD08829C6E98F00DCE3A3 /* Build configuration list for PBXNativeTarget "new" */ = {
			isa = XCConfigurationList;
			buildConfigurations = (
				5C9DD08929C6E98F00DCE3A3 /* Debug */,
				5C9DD08A29C6E98F00DCE3A3 /* Release */,
			);
			defaultConfigurationIsVisible = 0;
			defaultConfigurationName = Release;
		};
		5C9DD08B29C6E98F00DCE3A3 /* Build configuration list for PBXNativeTarget "newTests" */ = {
			isa = XCConfigurationList;
			buildConfigurations = (
				5C9DD08C29C6E98F00DCE3A3 /* Debug */,
				5C9DD08D29C6E98F00DCE3A3 /* Release */,
			);
			defaultConfigurationIsVisible = 0;
			defaultConfigurationName = Release;
		};
		5C9DD08E29C6E98F00DCE3A3 /* Build configuration list for PBXNativeTarget "newUITests" */ = {
			isa = XCConfigurationList;
			buildConfigurations = (
				5C9DD08F29C6E98F00DCE3A3 /* Debug */,
				5C9DD09029C6E98F00DCE3A3 /* Release */,
			);
			defaultConfigurationIsVisible = 0;
			defaultConfigurationName = Release;
		};
/* End XCConfigurationList section */
	};
	rootObject = 5C9DD05C29C6E98E00DCE3A3 /* Project object */;
}
